<?xml version="1.0" encoding="UTF-8" standalone="yes" ?>
<CodeBlocks_project_file>
	<FileVersion major="1" minor="6" />
	<Project>
		<Option title="WeaponRandomizer" />
		<Option pch_mode="2" />
		<Option compiler="gcc" />
		<Build>
			<Target title="Debug">
				<Option output="bin/Debug/WeaponRandomizer" prefix_auto="1" extension_auto="1" />
				<Option object_output="obj/Debug/" />
				<Option type="1" />
				<Option compiler="gcc" />
				<Compiler>
					<Add option="-g" />
					<Add directory="./" />
				</Compiler>
			</Target>
			<Target title="Release">
				<Option output="bin/Release/WeaponRandomizer" prefix_auto="1" extension_auto="1" />
				<Option object_output="obj/Release/" />
				<Option type="1" />
				<Option compiler="gcc" />
				<Compiler>
					<Add option="-O2" />
					<Add directory="./" />
				</Compiler>
				<Linker>
					<Add option="-s" />
				</Linker>
			</Target>
		</Build>
		<Compiler>
			<Add option="-Wall" />
		</Compiler>
		<Unit filename="../Bow.cpp" />
		<Unit filename="../Bow.h" />
		<Unit filename="../Dagger.cpp" />
		<Unit filename="../Dagger.h" />
		<Unit filename="../GreatSword.cpp" />
		<Unit filename="../GreatSword.h" />
		<Unit filename="../Melee.cpp" />
		<Unit filename="../Melee.h" />
		<Unit filename="../RandomStats.cpp" />
		<Unit filename="../RandomStats.h" />
		<Unit filename="../Ranged.cpp" />
		<Unit filename="../Ranged.h" />
		<Unit filename="../Weapon.cpp" />
		<Unit filename="../Weapon.h" />
		<Unit filename="../WeaponGenerator.cpp" />
		<Unit filename="../WeaponGenerator.h" />
		<Unit filename="../swordGeneratorDriver.cpp" />
		<Extensions>
			<lib_finder disable_auto="1" />
		</Extensions>
	</Project>
</CodeBlocks_project_file>
